
Microsoft Visual Studio Solution File, Format Version 12.00
# Visual Studio Version 16
VisualStudioVersion = 16.0.31321.278
MinimumVisualStudioVersion = 10.0.40219.1
Project("{9A19103F-16F7-4668-BE54-9A1E7A4F7556}") = "Mood-Analyser-Problem", "Mood-Analyser-Problem\Mood-Analyser-Problem.csproj", "{A3CC4A57-04A1-4EE6-92D1-08BAF28DF9AA}"
EndProject
Project("{FAE04EC0-301F-11D3-BF4B-00C04F79EFBC}") = "Mood-Analyser", "Mood-Analyser\Mood-Analyser.csproj", "{420C3102-7CAF-4601-9950-282F32B47BD2}"
EndProject
Global
	GlobalSection(SolutionConfigurationPlatforms) = preSolution
		Debug|Any CPU = Debug|Any CPU
		Release|Any CPU = Release|Any CPU
	EndGlobalSection
	GlobalSection(ProjectConfigurationPlatforms) = postSolution
		{A3CC4A57-04A1-4EE6-92D1-08BAF28DF9AA}.Debug|Any CPU.ActiveCfg = Debug|Any CPU
		{A3CC4A57-04A1-4EE6-92D1-08BAF28DF9AA}.Debug|Any CPU.Build.0 = Debug|Any CPU
		{A3CC4A57-04A1-4EE6-92D1-08BAF28DF9AA}.Release|Any CPU.ActiveCfg = Release|Any CPU
		{A3CC4A57-04A1-4EE6-92D1-08BAF28DF9AA}.Release|Any CPU.Build.0 = Release|Any CPU
		{420C3102-7CAF-4601-9950-282F32B47BD2}.Debug|Any CPU.ActiveCfg = Debug|Any CPU
		{420C3102-7CAF-4601-9950-282F32B47BD2}.Debug|Any CPU.Build.0 = Debug|Any CPU
		{420C3102-7CAF-4601-9950-282F32B47BD2}.Release|Any CPU.ActiveCfg = Release|Any CPU
		{420C3102-7CAF-4601-9950-282F32B47BD2}.Release|Any CPU.Build.0 = Release|Any CPU
	EndGlobalSection
	GlobalSection(SolutionProperties) = preSolution
		HideSolutionNode = FALSE
	EndGlobalSection
	GlobalSection(ExtensibilityGlobals) = postSolution
		SolutionGuid = {6568D379-3B43-439F-BF61-85C65D9534A2}
	EndGlobalSection
EndGlobal
